
Microsoft Visual Studio Solution File, Format Version 12.00
# Visual Studio Version 17
VisualStudioVersion = 17.1.32210.238
MinimumVisualStudioVersion = 10.0.40219.1
Project("{9A19103F-16F7-4668-BE54-9A1E7A4F7556}") = "Entities", "Entities\Entities.csproj", "{E4D7DA27-5462-4214-A905-D5820006A14A}"
EndProject
Project("{9A19103F-16F7-4668-BE54-9A1E7A4F7556}") = "DataAccess", "DataAccess\DataAccess.csproj", "{AAA5CBF4-BCEF-4B10-8DEC-6B1DBC9CE17A}"
EndProject
Project("{9A19103F-16F7-4668-BE54-9A1E7A4F7556}") = "Business", "Business\Business.csproj", "{4A86A6A4-56F0-4F3F-B0C9-4DB13EE3F65A}"
EndProject
Project("{9A19103F-16F7-4668-BE54-9A1E7A4F7556}") = "Core", "Core\Core.csproj", "{E1BEEDCF-FCB2-4C41-A54B-A784ABF40FBD}"
EndProject
Project("{9A19103F-16F7-4668-BE54-9A1E7A4F7556}") = "WebAPI", "WebAPI\WebAPI.csproj", "{DFEB126A-A556-48DA-9D82-B934D23FF8B8}"
EndProject
Global
	GlobalSection(SolutionConfigurationPlatforms) = preSolution
		Debug|Any CPU = Debug|Any CPU
		Release|Any CPU = Release|Any CPU
	EndGlobalSection
	GlobalSection(ProjectConfigurationPlatforms) = postSolution
		{E4D7DA27-5462-4214-A905-D5820006A14A}.Debug|Any CPU.ActiveCfg = Debug|Any CPU
		{E4D7DA27-5462-4214-A905-D5820006A14A}.Debug|Any CPU.Build.0 = Debug|Any CPU
		{E4D7DA27-5462-4214-A905-D5820006A14A}.Release|Any CPU.ActiveCfg = Release|Any CPU
		{E4D7DA27-5462-4214-A905-D5820006A14A}.Release|Any CPU.Build.0 = Release|Any CPU
		{AAA5CBF4-BCEF-4B10-8DEC-6B1DBC9CE17A}.Debug|Any CPU.ActiveCfg = Debug|Any CPU
		{AAA5CBF4-BCEF-4B10-8DEC-6B1DBC9CE17A}.Debug|Any CPU.Build.0 = Debug|Any CPU
		{AAA5CBF4-BCEF-4B10-8DEC-6B1DBC9CE17A}.Release|Any CPU.ActiveCfg = Release|Any CPU
		{AAA5CBF4-BCEF-4B10-8DEC-6B1DBC9CE17A}.Release|Any CPU.Build.0 = Release|Any CPU
		{4A86A6A4-56F0-4F3F-B0C9-4DB13EE3F65A}.Debug|Any CPU.ActiveCfg = Debug|Any CPU
		{4A86A6A4-56F0-4F3F-B0C9-4DB13EE3F65A}.Debug|Any CPU.Build.0 = Debug|Any CPU
		{4A86A6A4-56F0-4F3F-B0C9-4DB13EE3F65A}.Release|Any CPU.ActiveCfg = Release|Any CPU
		{4A86A6A4-56F0-4F3F-B0C9-4DB13EE3F65A}.Release|Any CPU.Build.0 = Release|Any CPU
		{E1BEEDCF-FCB2-4C41-A54B-A784ABF40FBD}.Debug|Any CPU.ActiveCfg = Debug|Any CPU
		{E1BEEDCF-FCB2-4C41-A54B-A784ABF40FBD}.Debug|Any CPU.Build.0 = Debug|Any CPU
		{E1BEEDCF-FCB2-4C41-A54B-A784ABF40FBD}.Release|Any CPU.ActiveCfg = Release|Any CPU
		{E1BEEDCF-FCB2-4C41-A54B-A784ABF40FBD}.Release|Any CPU.Build.0 = Release|Any CPU
		{DFEB126A-A556-48DA-9D82-B934D23FF8B8}.Debug|Any CPU.ActiveCfg = Debug|Any CPU
		{DFEB126A-A556-48DA-9D82-B934D23FF8B8}.Debug|Any CPU.Build.0 = Debug|Any CPU
		{DFEB126A-A556-48DA-9D82-B934D23FF8B8}.Release|Any CPU.ActiveCfg = Release|Any CPU
		{DFEB126A-A556-48DA-9D82-B934D23FF8B8}.Release|Any CPU.Build.0 = Release|Any CPU
	EndGlobalSection
	GlobalSection(SolutionProperties) = preSolution
		HideSolutionNode = FALSE
	EndGlobalSection
	GlobalSection(ExtensibilityGlobals) = postSolution
		SolutionGuid = {76F88F0F-AC1A-4DCC-B781-589632BB8C71}
	EndGlobalSection
EndGlobal
